
Microsoft Visual Studio Solution File, Format Version 12.00
# Visual Studio Version 17
VisualStudioVersion = 17.5.33414.496
MinimumVisualStudioVersion = 10.0.40219.1
Project("{FAE04EC0-301F-11D3-BF4B-00C04F79EFBC}") = "Anotador", "Anotador\Anotador.csproj", "{4C52E78B-4C3A-4A0E-A227-139EBBE8DB60}"
EndProject
Global
	GlobalSection(SolutionConfigurationPlatforms) = preSolution
		Debug|Any CPU = Debug|Any CPU
		Release|Any CPU = Release|Any CPU
	EndGlobalSection
	GlobalSection(ProjectConfigurationPlatforms) = postSolution
		{4C52E78B-4C3A-4A0E-A227-139EBBE8DB60}.Debug|Any CPU.ActiveCfg = Debug|Any CPU
		{4C52E78B-4C3A-4A0E-A227-139EBBE8DB60}.Debug|Any CPU.Build.0 = Debug|Any CPU
		{4C52E78B-4C3A-4A0E-A227-139EBBE8DB60}.Release|Any CPU.ActiveCfg = Release|Any CPU
		{4C52E78B-4C3A-4A0E-A227-139EBBE8DB60}.Release|Any CPU.Build.0 = Release|Any CPU
	EndGlobalSection
	GlobalSection(SolutionProperties) = preSolution
		HideSolutionNode = FALSE
	EndGlobalSection
	GlobalSection(ExtensibilityGlobals) = postSolution
		SolutionGuid = {127F49D1-BBBA-4070-84E6-8D13B4FDA9FA}
	EndGlobalSection
EndGlobal
